
Microsoft Visual Studio Solution File, Format Version 12.00
# Visual Studio Version 17
VisualStudioVersion = 17.10.35013.160
MinimumVisualStudioVersion = 10.0.40219.1
Project("{8BC9CEB8-8B4A-11D0-8D11-00A0C91BC942}") = "ls", "src\ls\ls.vcxproj", "{10F40D2D-2617-4797-BA2D-F784E0DF7EF0}"
	ProjectSection(ProjectDependencies) = postProject
		{91284F6F-6194-4BE8-B4E3-F9A6860073D1} = {91284F6F-6194-4BE8-B4E3-F9A6860073D1}
	EndProjectSection
EndProject
Project("{8BC9CEB8-8B4A-11D0-8D11-00A0C91BC942}") = "grep", "src\grep\grep.vcxproj", "{B26286F3-6DF8-4D80-8C53-57599CA71EB1}"
	ProjectSection(ProjectDependencies) = postProject
		{91284F6F-6194-4BE8-B4E3-F9A6860073D1} = {91284F6F-6194-4BE8-B4E3-F9A6860073D1}
	EndProjectSection
EndProject
Project("{8BC9CEB8-8B4A-11D0-8D11-00A0C91BC942}") = "touch", "src\touch\touch.vcxproj", "{7D617204-29BE-4D96-B1BA-8C54B1EA09C7}"
	ProjectSection(ProjectDependencies) = postProject
		{91284F6F-6194-4BE8-B4E3-F9A6860073D1} = {91284F6F-6194-4BE8-B4E3-F9A6860073D1}
	EndProjectSection
EndProject
Project("{8BC9CEB8-8B4A-11D0-8D11-00A0C91BC942}") = "head", "src\head\head.vcxproj", "{60C22DAB-2A1F-4860-9379-903DFA51701A}"
	ProjectSection(ProjectDependencies) = postProject
		{91284F6F-6194-4BE8-B4E3-F9A6860073D1} = {91284F6F-6194-4BE8-B4E3-F9A6860073D1}
	EndProjectSection
EndProject
Project("{2150E333-8FDC-42A3-9474-1A3956D46DE8}") = "Solution Items", "Solution Items", "{D20AF184-A5E8-40B5-81EB-F5B8739AB432}"
	ProjectSection(SolutionItems) = preProject
		.gitignore = .gitignore
		README.md = README.md
	EndProjectSection
EndProject
Project("{8BC9CEB8-8B4A-11D0-8D11-00A0C91BC942}") = "utils", "src\utils\utils-lib.vcxproj", "{91284F6F-6194-4BE8-B4E3-F9A6860073D1}"
EndProject
Global
	GlobalSection(SolutionConfigurationPlatforms) = preSolution
		Debug|x64 = Debug|x64
		Debug|x86 = Debug|x86
		Release|x64 = Release|x64
		Release|x86 = Release|x86
	EndGlobalSection
	GlobalSection(ProjectConfigurationPlatforms) = postSolution
		{10F40D2D-2617-4797-BA2D-F784E0DF7EF0}.Debug|x64.ActiveCfg = Debug|x64
		{10F40D2D-2617-4797-BA2D-F784E0DF7EF0}.Debug|x64.Build.0 = Debug|x64
		{10F40D2D-2617-4797-BA2D-F784E0DF7EF0}.Debug|x86.ActiveCfg = Debug|Win32
		{10F40D2D-2617-4797-BA2D-F784E0DF7EF0}.Debug|x86.Build.0 = Debug|Win32
		{10F40D2D-2617-4797-BA2D-F784E0DF7EF0}.Release|x64.ActiveCfg = Release|x64
		{10F40D2D-2617-4797-BA2D-F784E0DF7EF0}.Release|x64.Build.0 = Release|x64
		{10F40D2D-2617-4797-BA2D-F784E0DF7EF0}.Release|x86.ActiveCfg = Release|Win32
		{10F40D2D-2617-4797-BA2D-F784E0DF7EF0}.Release|x86.Build.0 = Release|Win32
		{B26286F3-6DF8-4D80-8C53-57599CA71EB1}.Debug|x64.ActiveCfg = Debug|x64
		{B26286F3-6DF8-4D80-8C53-57599CA71EB1}.Debug|x64.Build.0 = Debug|x64
		{B26286F3-6DF8-4D80-8C53-57599CA71EB1}.Debug|x86.ActiveCfg = Debug|Win32
		{B26286F3-6DF8-4D80-8C53-57599CA71EB1}.Debug|x86.Build.0 = Debug|Win32
		{B26286F3-6DF8-4D80-8C53-57599CA71EB1}.Release|x64.ActiveCfg = Release|x64
		{B26286F3-6DF8-4D80-8C53-57599CA71EB1}.Release|x64.Build.0 = Release|x64
		{B26286F3-6DF8-4D80-8C53-57599CA71EB1}.Release|x86.ActiveCfg = Release|Win32
		{B26286F3-6DF8-4D80-8C53-57599CA71EB1}.Release|x86.Build.0 = Release|Win32
		{7D617204-29BE-4D96-B1BA-8C54B1EA09C7}.Debug|x64.ActiveCfg = Debug|x64
		{7D617204-29BE-4D96-B1BA-8C54B1EA09C7}.Debug|x64.Build.0 = Debug|x64
		{7D617204-29BE-4D96-B1BA-8C54B1EA09C7}.Debug|x86.ActiveCfg = Debug|Win32
		{7D617204-29BE-4D96-B1BA-8C54B1EA09C7}.Debug|x86.Build.0 = Debug|Win32
		{7D617204-29BE-4D96-B1BA-8C54B1EA09C7}.Release|x64.ActiveCfg = Release|x64
		{7D617204-29BE-4D96-B1BA-8C54B1EA09C7}.Release|x64.Build.0 = Release|x64
		{7D617204-29BE-4D96-B1BA-8C54B1EA09C7}.Release|x86.ActiveCfg = Release|Win32
		{7D617204-29BE-4D96-B1BA-8C54B1EA09C7}.Release|x86.Build.0 = Release|Win32
		{60C22DAB-2A1F-4860-9379-903DFA51701A}.Debug|x64.ActiveCfg = Debug|x64
		{60C22DAB-2A1F-4860-9379-903DFA51701A}.Debug|x64.Build.0 = Debug|x64
		{60C22DAB-2A1F-4860-9379-903DFA51701A}.Debug|x86.ActiveCfg = Debug|Win32
		{60C22DAB-2A1F-4860-9379-903DFA51701A}.Debug|x86.Build.0 = Debug|Win32
		{60C22DAB-2A1F-4860-9379-903DFA51701A}.Release|x64.ActiveCfg = Release|x64
		{60C22DAB-2A1F-4860-9379-903DFA51701A}.Release|x64.Build.0 = Release|x64
		{60C22DAB-2A1F-4860-9379-903DFA51701A}.Release|x86.ActiveCfg = Release|Win32
		{60C22DAB-2A1F-4860-9379-903DFA51701A}.Release|x86.Build.0 = Release|Win32
		{91284F6F-6194-4BE8-B4E3-F9A6860073D1}.Debug|x64.ActiveCfg = Debug|x64
		{91284F6F-6194-4BE8-B4E3-F9A6860073D1}.Debug|x64.Build.0 = Debug|x64
		{91284F6F-6194-4BE8-B4E3-F9A6860073D1}.Debug|x86.ActiveCfg = Debug|Win32
		{91284F6F-6194-4BE8-B4E3-F9A6860073D1}.Debug|x86.Build.0 = Debug|Win32
		{91284F6F-6194-4BE8-B4E3-F9A6860073D1}.Release|x64.ActiveCfg = Release|x64
		{91284F6F-6194-4BE8-B4E3-F9A6860073D1}.Release|x64.Build.0 = Release|x64
		{91284F6F-6194-4BE8-B4E3-F9A6860073D1}.Release|x86.ActiveCfg = Release|Win32
		{91284F6F-6194-4BE8-B4E3-F9A6860073D1}.Release|x86.Build.0 = Release|Win32
	EndGlobalSection
	GlobalSection(SolutionProperties) = preSolution
		HideSolutionNode = FALSE
	EndGlobalSection
	GlobalSection(ExtensibilityGlobals) = postSolution
		SolutionGuid = {259399FA-F6A9-4E86-8DB8-4056602EB371}
	EndGlobalSection
EndGlobal
